
Microsoft Visual Studio Solution File, Format Version 12.00
# Visual Studio 2017
Project("{FAE04EC0-301F-11D3-BF4B-00C04F79EFBC}") = "PartyDu375e.Plugins", "PartyDu375e.Plugins.csproj", "{86E3A962-1EB1-FA1B-6600-AF86B526C2F1}"
EndProject
Project("{FAE04EC0-301F-11D3-BF4B-00C04F79EFBC}") = "PartyDu375e", "PartyDu375e.csproj", "{E9DD289F-147E-6303-247C-49AED14CD37E}"
EndProject
<<<<<<< HEAD
<<<<<<< HEAD
Project("{FAE04EC0-301F-11D3-BF4B-00C04F79EFBC}") = "PartyDu375e", "Assembly-CSharp-Editor-firstpass.csproj", "{A9466BFC-2527-CB3B-CDE6-928737B5E404}"
EndProject
Project("{FAE04EC0-301F-11D3-BF4B-00C04F79EFBC}") = "PartyDu375e", "Assembly-CSharp-Editor.csproj", "{9572A894-CEAE-B60B-302C-F266F5084A51}"
=======
Project("{FAE04EC0-301F-11D3-BF4B-00C04F79EFBC}") = "PartyDu375e.Editor.Plugins", "PartyDu375e.Editor.Plugins.csproj", "{7BA23E06-BA01-FAED-7CFD-73E2FC4B91B5}"
EndProject
Project("{FAE04EC0-301F-11D3-BF4B-00C04F79EFBC}") = "PartyDu375e.Editor", "PartyDu375e.Editor.csproj", "{6A228F3A-3B60-9F83-83DA-A545B83D480E}"
>>>>>>> be54c8bbb0500fb5af8179bdcab598b606d1c18f
=======
Project("{FAE04EC0-301F-11D3-BF4B-00C04F79EFBC}") = "PartyDu375e.Editor.Plugins", "PartyDu375e.Editor.Plugins.csproj", "{7BA23E06-BA01-FAED-7CFD-73E2FC4B91B5}"
EndProject
Project("{FAE04EC0-301F-11D3-BF4B-00C04F79EFBC}") = "PartyDu375e.Editor", "PartyDu375e.Editor.csproj", "{6A228F3A-3B60-9F83-83DA-A545B83D480E}"
>>>>>>> be54c8bbb0500fb5af8179bdcab598b606d1c18f
EndProject
Global
	GlobalSection(SolutionConfigurationPlatforms) = preSolution
		Debug|Any CPU = Debug|Any CPU
		Release|Any CPU = Release|Any CPU
	EndGlobalSection
	GlobalSection(ProjectConfigurationPlatforms) = postSolution
<<<<<<< HEAD
<<<<<<< HEAD
		{02730369-C4D0-927C-2714-0C7F55B3E02B}.Debug|Any CPU.ActiveCfg = Debug|Any CPU
		{02730369-C4D0-927C-2714-0C7F55B3E02B}.Debug|Any CPU.Build.0 = Debug|Any CPU
		{02730369-C4D0-927C-2714-0C7F55B3E02B}.Release|Any CPU.ActiveCfg = Release|Any CPU
		{02730369-C4D0-927C-2714-0C7F55B3E02B}.Release|Any CPU.Build.0 = Release|Any CPU
		{101EE8B5-58CE-1130-2962-EB8CD7CF7218}.Debug|Any CPU.ActiveCfg = Debug|Any CPU
		{101EE8B5-58CE-1130-2962-EB8CD7CF7218}.Debug|Any CPU.Build.0 = Debug|Any CPU
		{101EE8B5-58CE-1130-2962-EB8CD7CF7218}.Release|Any CPU.ActiveCfg = Release|Any CPU
		{101EE8B5-58CE-1130-2962-EB8CD7CF7218}.Release|Any CPU.Build.0 = Release|Any CPU
		{A9466BFC-2527-CB3B-CDE6-928737B5E404}.Debug|Any CPU.ActiveCfg = Debug|Any CPU
		{A9466BFC-2527-CB3B-CDE6-928737B5E404}.Debug|Any CPU.Build.0 = Debug|Any CPU
		{A9466BFC-2527-CB3B-CDE6-928737B5E404}.Release|Any CPU.ActiveCfg = Release|Any CPU
		{A9466BFC-2527-CB3B-CDE6-928737B5E404}.Release|Any CPU.Build.0 = Release|Any CPU
		{9572A894-CEAE-B60B-302C-F266F5084A51}.Debug|Any CPU.ActiveCfg = Debug|Any CPU
		{9572A894-CEAE-B60B-302C-F266F5084A51}.Debug|Any CPU.Build.0 = Debug|Any CPU
		{9572A894-CEAE-B60B-302C-F266F5084A51}.Release|Any CPU.ActiveCfg = Release|Any CPU
		{9572A894-CEAE-B60B-302C-F266F5084A51}.Release|Any CPU.Build.0 = Release|Any CPU
=======
=======
>>>>>>> be54c8bbb0500fb5af8179bdcab598b606d1c18f
		{86E3A962-1EB1-FA1B-6600-AF86B526C2F1}.Debug|Any CPU.ActiveCfg = Debug|Any CPU
		{86E3A962-1EB1-FA1B-6600-AF86B526C2F1}.Debug|Any CPU.Build.0 = Debug|Any CPU
		{86E3A962-1EB1-FA1B-6600-AF86B526C2F1}.Release|Any CPU.ActiveCfg = Release|Any CPU
		{86E3A962-1EB1-FA1B-6600-AF86B526C2F1}.Release|Any CPU.Build.0 = Release|Any CPU
		{E9DD289F-147E-6303-247C-49AED14CD37E}.Debug|Any CPU.ActiveCfg = Debug|Any CPU
		{E9DD289F-147E-6303-247C-49AED14CD37E}.Debug|Any CPU.Build.0 = Debug|Any CPU
		{E9DD289F-147E-6303-247C-49AED14CD37E}.Release|Any CPU.ActiveCfg = Release|Any CPU
		{E9DD289F-147E-6303-247C-49AED14CD37E}.Release|Any CPU.Build.0 = Release|Any CPU
		{7BA23E06-BA01-FAED-7CFD-73E2FC4B91B5}.Debug|Any CPU.ActiveCfg = Debug|Any CPU
		{7BA23E06-BA01-FAED-7CFD-73E2FC4B91B5}.Debug|Any CPU.Build.0 = Debug|Any CPU
		{7BA23E06-BA01-FAED-7CFD-73E2FC4B91B5}.Release|Any CPU.ActiveCfg = Release|Any CPU
		{7BA23E06-BA01-FAED-7CFD-73E2FC4B91B5}.Release|Any CPU.Build.0 = Release|Any CPU
		{6A228F3A-3B60-9F83-83DA-A545B83D480E}.Debug|Any CPU.ActiveCfg = Debug|Any CPU
		{6A228F3A-3B60-9F83-83DA-A545B83D480E}.Debug|Any CPU.Build.0 = Debug|Any CPU
		{6A228F3A-3B60-9F83-83DA-A545B83D480E}.Release|Any CPU.ActiveCfg = Release|Any CPU
		{6A228F3A-3B60-9F83-83DA-A545B83D480E}.Release|Any CPU.Build.0 = Release|Any CPU
<<<<<<< HEAD
>>>>>>> be54c8bbb0500fb5af8179bdcab598b606d1c18f
=======
>>>>>>> be54c8bbb0500fb5af8179bdcab598b606d1c18f
	EndGlobalSection
	GlobalSection(SolutionProperties) = preSolution
		HideSolutionNode = FALSE
	EndGlobalSection
EndGlobal
