
Microsoft Visual Studio Solution File, Format Version 11.00
# Visual Studio 2010
Project("{FAE04EC0-301F-11D3-BF4B-00C04F79EFBC}") = "PartyDu375e", "Assembly-CSharp-firstpass.csproj", "{02730369-C4D0-927C-2714-0C7F55B3E02B}"
EndProject
Project("{FAE04EC0-301F-11D3-BF4B-00C04F79EFBC}") = "PartyDu375e", "Assembly-CSharp.csproj", "{101EE8B5-58CE-1130-2962-EB8CD7CF7218}"
EndProject
Project("{FAE04EC0-301F-11D3-BF4B-00C04F79EFBC}") = "PartyDu375e", "Assembly-CSharp-Editor-firstpass.csproj", "{A9466BFC-2527-CB3B-CDE6-928737B5E404}"
<<<<<<< HEAD
=======
EndProject
Project("{FAE04EC0-301F-11D3-BF4B-00C04F79EFBC}") = "PartyDu375e", "Assembly-CSharp-Editor.csproj", "{9572A894-CEAE-B60B-302C-F266F5084A51}"
>>>>>>> 2c07965c16656c3dd1677cea968ff2b0a3a677f8
EndProject
Global
	GlobalSection(SolutionConfigurationPlatforms) = preSolution
		Debug|Any CPU = Debug|Any CPU
		Release|Any CPU = Release|Any CPU
	EndGlobalSection
	GlobalSection(ProjectConfigurationPlatforms) = postSolution
		{02730369-C4D0-927C-2714-0C7F55B3E02B}.Debug|Any CPU.ActiveCfg = Debug|Any CPU
		{02730369-C4D0-927C-2714-0C7F55B3E02B}.Debug|Any CPU.Build.0 = Debug|Any CPU
		{02730369-C4D0-927C-2714-0C7F55B3E02B}.Release|Any CPU.ActiveCfg = Release|Any CPU
		{02730369-C4D0-927C-2714-0C7F55B3E02B}.Release|Any CPU.Build.0 = Release|Any CPU
		{101EE8B5-58CE-1130-2962-EB8CD7CF7218}.Debug|Any CPU.ActiveCfg = Debug|Any CPU
		{101EE8B5-58CE-1130-2962-EB8CD7CF7218}.Debug|Any CPU.Build.0 = Debug|Any CPU
		{101EE8B5-58CE-1130-2962-EB8CD7CF7218}.Release|Any CPU.ActiveCfg = Release|Any CPU
		{101EE8B5-58CE-1130-2962-EB8CD7CF7218}.Release|Any CPU.Build.0 = Release|Any CPU
		{A9466BFC-2527-CB3B-CDE6-928737B5E404}.Debug|Any CPU.ActiveCfg = Debug|Any CPU
		{A9466BFC-2527-CB3B-CDE6-928737B5E404}.Debug|Any CPU.Build.0 = Debug|Any CPU
		{A9466BFC-2527-CB3B-CDE6-928737B5E404}.Release|Any CPU.ActiveCfg = Release|Any CPU
		{A9466BFC-2527-CB3B-CDE6-928737B5E404}.Release|Any CPU.Build.0 = Release|Any CPU
<<<<<<< HEAD
=======
		{9572A894-CEAE-B60B-302C-F266F5084A51}.Debug|Any CPU.ActiveCfg = Debug|Any CPU
		{9572A894-CEAE-B60B-302C-F266F5084A51}.Debug|Any CPU.Build.0 = Debug|Any CPU
		{9572A894-CEAE-B60B-302C-F266F5084A51}.Release|Any CPU.ActiveCfg = Release|Any CPU
		{9572A894-CEAE-B60B-302C-F266F5084A51}.Release|Any CPU.Build.0 = Release|Any CPU
>>>>>>> 2c07965c16656c3dd1677cea968ff2b0a3a677f8
	EndGlobalSection
	GlobalSection(SolutionProperties) = preSolution
		HideSolutionNode = FALSE
	EndGlobalSection
	GlobalSection(MonoDevelopProperties) = preSolution
		StartupItem = Assembly-CSharp.csproj
	EndGlobalSection
EndGlobal
